<?xml version="1.0" encoding="utf-8"?>
<Project ToolsVersion="4.0" xmlns="http://schemas.microsoft.com/developer/msbuild/2003">
  <ItemGroup>
    <FxCompile Include="hitShaderLib.hlsl" />
    <FxCompile Include="missShaderLib.hlsl" />
    <FxCompile Include="missShadowsLib.hlsl" />
    <FxCompile Include="RayGenerationShaderLib.hlsl" />
    <FxCompile Include="RayGenerationShaderSSRLib.hlsl" />
    <FxCompile Include="RayGenerationShadowsLib.hlsl" />
    <FxCompile Include="hitShaderLib.hlsl" />
    <FxCompile Include="missShaderLib.hlsl" />
    <FxCompile Include="missShadowsLib.hlsl" />
    <FxCompile Include="RayGenerationShaderLib.hlsl" />
    <FxCompile Include="RayGenerationShaderSSRLib.hlsl" />
    <FxCompile Include="RayGenerationShadowsLib.hlsl" />
    <FxCompile Include="DiffuseHitShaderLib.hlsl" />
    <FxCompile Include="hitShaderLib.hlsl" />
    <FxCompile Include="missShaderLib.hlsl" />
    <FxCompile Include="missShadowsLib.hlsl" />
    <FxCompile Include="RayGenerationShaderLib.hlsl" />
    <FxCompile Include="RayGenerationShaderSSRLib.hlsl" />
    <FxCompile Include="RayGenerationShadowsLib.hlsl" />
    <FxCompile Include="hitShaderLib.hlsl" />
    <FxCompile Include="missShaderLib.hlsl" />
    <FxCompile Include="missShadowsLib.hlsl" />
    <FxCompile Include="RayGenerationShaderLib.hlsl" />
    <FxCompile Include="RayGenerationShaderSSRLib.hlsl" />
    <FxCompile Include="RayGenerationShadowsLib.hlsl" />
    <FxCompile Include="hitShaderLib.hlsl" />
    <FxCompile Include="missShaderLib.hlsl" />
    <FxCompile Include="missShadowsLib.hlsl" />
    <FxCompile Include="RayGenerationShaderLib.hlsl" />
    <FxCompile Include="RayGenerationShaderSSRLib.hlsl" />
    <FxCompile Include="RayGenerationShadowsLib.hlsl" />
    <FxCompile Include="Shaders\DepthViewerPS.hlsl">
      <Filter>Shaders</Filter>
    </FxCompile>
    <FxCompile Include="Shaders\DepthViewerVS.hlsl">
      <Filter>Shaders</Filter>
    </FxCompile>
    <FxCompile Include="hitShaderLib.hlsl">
      <Filter>Shaders</Filter>
    </FxCompile>
    <FxCompile Include="missShaderLib.hlsl">
      <Filter>Shaders</Filter>
    </FxCompile>
    <FxCompile Include="missShadowsLib.hlsl">
      <Filter>Shaders</Filter>
    </FxCompile>
    <FxCompile Include="RayGenerationShaderLib.hlsl">
      <Filter>Shaders</Filter>
    </FxCompile>
    <FxCompile Include="RayGenerationShaderSSRLib.hlsl">
      <Filter>Shaders</Filter>
    </FxCompile>
    <FxCompile Include="RayGenerationShadowsLib.hlsl">
      <Filter>Shaders</Filter>
    </FxCompile>
    <FxCompile Include="Shaders\FillLightGridCS_8.hlsl">
      <Filter>Shaders</Filter>
    </FxCompile>
    <FxCompile Include="Shaders\FillLightGridCS_16.hlsl">
      <Filter>Shaders</Filter>
    </FxCompile>
    <FxCompile Include="Shaders\FillLightGridCS_24.hlsl">
      <Filter>Shaders</Filter>
    </FxCompile>
    <FxCompile Include="Shaders\FillLightGridCS_32.hlsl">
      <Filter>Shaders</Filter>
    </FxCompile>
    <FxCompile Include="Shaders\ModelViewerPS.hlsl">
      <Filter>Shaders</Filter>
    </FxCompile>
    <FxCompile Include="Shaders\ModelViewerVS.hlsl">
      <Filter>Shaders</Filter>
    </FxCompile>
    <FxCompile Include="Shaders\WaveTileCountPS.hlsl">
      <Filter>Shaders</Filter>
    </FxCompile>
    <FxCompile Include="DiffuseHitShaderLib.hlsl" />
    <FxCompile Include="AlphaTransparencyAnyHit.hlsl" />
  </ItemGroup>
  <ItemGroup>
    <ClCompile Include="ForwardPlusLighting.cpp" />
    <ClCompile Include="ModelViewer.cpp" />
    <ClCompile Include="stdafx.cpp" />
    <ClCompile Include="ScreenGrab12.cpp" />
  </ItemGroup>
  <ItemGroup>
    <ClInclude Include="ForwardPlusLighting.h" />
    <ClInclude Include="ModelViewerRayTracing.h" />
    <ClInclude Include="RayTracingHlslCompat.h">
      <Filter>Shaders</Filter>
    </ClInclude>
    <ClInclude Include="DXSampleHelper.h" />
    <ClInclude Include="stdafx.h" />
    <ClInclude Include="Raytracing.h" />
    <ClInclude Include="DescriptorHeapStack.h" />
    <ClInclude Include="GlobalState.h" />
    <ClInclude Include="ScreenGrab12.h" />
  </ItemGroup>
  <ItemGroup>
    <None Include="Shaders\FillLightGridCS.hlsli">
      <Filter>Shaders</Filter>
    </None>
    <None Include="Shaders\LightGrid.hlsli">
      <Filter>Shaders</Filter>
    </None>
    <None Include="Shaders\ModelViewerRS.hlsli">
      <Filter>Shaders</Filter>
    </None>
    <None Include="readme.md" />
    <None Include="packages.config" />
  </ItemGroup>
  <ItemGroup>
    <Filter Include="Shaders">
      <UniqueIdentifier>{432e44b5-99f5-4002-a860-0999ed4e2328}</UniqueIdentifier>
    </Filter>
  </ItemGroup>
</Project>